{
  "version": 4,
  "terraform_version": "0.12.21",
  "serial": 33,
  "lineage": "40dd1ca2-da2c-3056-171d-86b58b4b3d7b",
  "outputs": {},
  "resources": [
    {
      "module": "module.vpc",
      "mode": "managed",
      "type": "google_compute_firewall",
      "name": "public_restricted_allow_inbound",
      "provider": "provider.google",
      "instances": [
        {
          "schema_version": 1,
          "attributes": {
            "allow": [
              {
                "ports": [],
                "protocol": "all"
              }
            ],
            "creation_timestamp": "2020-03-17T14:31:45.147-07:00",
            "deny": [],
            "description": "",
            "destination_ranges": [],
            "direction": "INGRESS",
            "disabled": false,
            "enable_logging": false,
            "id": "projects/kyma-dev/global/firewalls/development-public-allow-ingress",
            "name": "development-public-allow-ingress",
            "network": "https://www.googleapis.com/compute/v1/projects/kyma-dev/global/networks/development",
            "priority": 1000,
            "project": "kyma-dev",
            "self_link": "https://www.googleapis.com/compute/v1/projects/kyma-dev/global/firewalls/development-public-allow-ingress",
            "source_ranges": [
              "10.10.0.0/16"
            ],
            "source_service_accounts": null,
            "source_tags": null,
            "target_service_accounts": null,
            "target_tags": [
              "public-restricted"
            ],
            "timeouts": null
          },
          "private": "eyJlMmJmYjczMC1lY2FhLTExZTYtOGY4OC0zNDM2M2JjN2M0YzAiOnsiY3JlYXRlIjoyNDAwMDAwMDAwMDAsImRlbGV0ZSI6MjQwMDAwMDAwMDAwLCJ1cGRhdGUiOjI0MDAwMDAwMDAwMH0sInNjaGVtYV92ZXJzaW9uIjoiMSJ9",
          "dependencies": [
            "module.vpc.google_compute_network.vpc_network"
          ]
        }
      ]
    },
    {
      "module": "module.vpc",
      "mode": "managed",
      "type": "google_compute_network",
      "name": "vpc_network",
      "provider": "provider.google",
      "instances": [
        {
          "schema_version": 0,
          "attributes": {
            "auto_create_subnetworks": false,
            "delete_default_routes_on_create": false,
            "description": "",
            "gateway_ipv4": "",
            "id": "projects/kyma-dev/global/networks/development",
            "ipv4_range": null,
            "name": "development",
            "project": "kyma-dev",
            "routing_mode": "REGIONAL",
            "self_link": "https://www.googleapis.com/compute/v1/projects/kyma-dev/global/networks/development",
            "timeouts": null
          },
          "private": "eyJlMmJmYjczMC1lY2FhLTExZTYtOGY4OC0zNDM2M2JjN2M0YzAiOnsiY3JlYXRlIjoyNDAwMDAwMDAwMDAsImRlbGV0ZSI6MjQwMDAwMDAwMDAwLCJ1cGRhdGUiOjI0MDAwMDAwMDAwMH19"
        }
      ]
    },
    {
      "module": "module.vpc",
      "mode": "managed",
      "type": "google_compute_subnetwork",
      "name": "public_subnet",
      "each": "list",
      "provider": "provider.google",
      "instances": [
        {
          "index_key": 0,
          "schema_version": 0,
          "attributes": {
            "creation_timestamp": "2020-03-17T14:30:56.414-07:00",
            "description": "",
            "enable_flow_logs": null,
            "fingerprint": null,
            "gateway_address": "10.10.0.1",
            "id": "projects/kyma-dev/regions/europe-west6/subnetworks/development-zone-0",
            "ip_cidr_range": "10.10.0.0/24",
            "log_config": [
              {
                "aggregation_interval": "INTERVAL_10_MIN",
                "flow_sampling": 0.5,
                "metadata": "INCLUDE_ALL_METADATA"
              }
            ],
            "name": "development-zone-0",
            "network": "https://www.googleapis.com/compute/v1/projects/kyma-dev/global/networks/development",
            "private_ip_google_access": false,
            "project": "kyma-dev",
            "region": "europe-west6",
            "secondary_ip_range": [
              {
                "ip_cidr_range": "10.1.0.0/20",
                "range_name": "public-services"
              }
            ],
            "self_link": "https://www.googleapis.com/compute/v1/projects/kyma-dev/regions/europe-west6/subnetworks/development-zone-0",
            "timeouts": null
          },
          "private": "eyJlMmJmYjczMC1lY2FhLTExZTYtOGY4OC0zNDM2M2JjN2M0YzAiOnsiY3JlYXRlIjozNjAwMDAwMDAwMDAsImRlbGV0ZSI6MzYwMDAwMDAwMDAwLCJ1cGRhdGUiOjM2MDAwMDAwMDAwMH19",
          "dependencies": [
            "module.vpc.google_compute_network.vpc_network"
          ]
        }
      ]
    }
  ]
}
